
Microsoft Visual Studio Solution File, Format Version 12.00
# Visual Studio Version 17
VisualStudioVersion = 17.5.002.0
MinimumVisualStudioVersion = 10.0.40219.1
Project("{9A19103F-16F7-4668-BE54-9A1E7A4F7556}") = "ClubMembershipApplication", "ClubMembershipApplication.csproj", "{90223EF7-BB70-49A4-9773-4F7AEF4309B2}"
EndProject
Global
	GlobalSection(SolutionConfigurationPlatforms) = preSolution
		Debug|Any CPU = Debug|Any CPU
		Release|Any CPU = Release|Any CPU
	EndGlobalSection
	GlobalSection(ProjectConfigurationPlatforms) = postSolution
		{90223EF7-BB70-49A4-9773-4F7AEF4309B2}.Debug|Any CPU.ActiveCfg = Debug|Any CPU
		{90223EF7-BB70-49A4-9773-4F7AEF4309B2}.Debug|Any CPU.Build.0 = Debug|Any CPU
		{90223EF7-BB70-49A4-9773-4F7AEF4309B2}.Release|Any CPU.ActiveCfg = Release|Any CPU
		{90223EF7-BB70-49A4-9773-4F7AEF4309B2}.Release|Any CPU.Build.0 = Release|Any CPU
	EndGlobalSection
	GlobalSection(SolutionProperties) = preSolution
		HideSolutionNode = FALSE
	EndGlobalSection
	GlobalSection(ExtensibilityGlobals) = postSolution
		SolutionGuid = {70FBDEE6-2CD1-4876-89CB-CCA9CFA01C09}
	EndGlobalSection
EndGlobal
